
Microsoft Visual Studio Solution File, Format Version 12.00
# Visual Studio Version 17
VisualStudioVersion = 17.0.31903.59
MinimumVisualStudioVersion = 10.0.40219.1
Project("{2150E333-8FDC-42A3-9474-1A3956D46DE8}") = "WebAPI", "WebAPI", "{64F747CA-CF33-4572-9EA2-63F91208B424}"
EndProject
Project("{FAE04EC0-301F-11D3-BF4B-00C04F79EFBC}") = "WebAPI", "src\WebAPI\WebAPI.csproj", "{99DEFC55-9DA8-41FF-B707-BE69820DFC83}"
EndProject
Global
	GlobalSection(SolutionConfigurationPlatforms) = preSolution
		Debug|Any CPU = Debug|Any CPU
		Release|Any CPU = Release|Any CPU
	EndGlobalSection
	GlobalSection(SolutionProperties) = preSolution
		HideSolutionNode = FALSE
	EndGlobalSection
	GlobalSection(ProjectConfigurationPlatforms) = postSolution
		{99DEFC55-9DA8-41FF-B707-BE69820DFC83}.Debug|Any CPU.ActiveCfg = Debug|Any CPU
		{99DEFC55-9DA8-41FF-B707-BE69820DFC83}.Debug|Any CPU.Build.0 = Debug|Any CPU
		{99DEFC55-9DA8-41FF-B707-BE69820DFC83}.Release|Any CPU.ActiveCfg = Release|Any CPU
		{99DEFC55-9DA8-41FF-B707-BE69820DFC83}.Release|Any CPU.Build.0 = Release|Any CPU
	EndGlobalSection
	GlobalSection(NestedProjects) = preSolution
		{99DEFC55-9DA8-41FF-B707-BE69820DFC83} = {64F747CA-CF33-4572-9EA2-63F91208B424}
	EndGlobalSection
EndGlobal
